{
  "originHash" : "b5584b082b4f02864e7b1b51604dea3070fa8abdf21e70fadfd5d1df172c117f",
  "pins" : [
    {
      "identity" : "table",
      "kind" : "remoteSourceControl",
      "location" : "https://github.com/JanGorman/Table",
      "state" : {
        "revision" : "7b8521c3b1078ba0b347964aec7c503cd6f1ff40",
        "version" : "1.1.1"
      }
    }
  ],
  "version" : 3
}
